// !$*UTF8*$!
{
	archiveVersion = 1;
	classes = {
	};
	objectVersion = 56;
	objects = {

/* Begin PBXBuildFile section */
		2AA49DA92CA12A1700DDE10B /* TestCoreMLApp.swift in Sources */ = {isa = PBXBuildFile; fileRef = 2AA49DA82CA12A1700DDE10B /* TestCoreMLApp.swift */; };
		2AA49DAB2CA12A1700DDE10B /* ContentView.swift in Sources */ = {isa = PBXBuildFile; fileRef = 2AA49DAA2CA12A1700DDE10B /* ContentView.swift */; };
		2AA49DAD2CA12A1B00DDE10B /* Assets.xcassets in Resources */ = {isa = PBXBuildFile; fileRef = 2AA49DAC2CA12A1B00DDE10B /* Assets.xcassets */; };
		2AA49DB02CA12A1B00DDE10B /* Preview Assets.xcassets in Resources */ = {isa = PBXBuildFile; fileRef = 2AA49DAF2CA12A1B00DDE10B /* Preview Assets.xcassets */; };
		2AA49DB72CA12D9F00DDE10B /* MobileNetV2.mlmodel in Sources */ = {isa = PBXBuildFile; fileRef = 2AA49DB62CA12D9F00DDE10B /* MobileNetV2.mlmodel */; };
		2AA49DBA2CA12E2400DDE10B /* CameraService.swift in Sources */ = {isa = PBXBuildFile; fileRef = 2AA49DB92CA12E2400DDE10B /* CameraService.swift */; };
		2AA49DBD2CA12EA400DDE10B /* CameraPreview.swift in Sources */ = {isa = PBXBuildFile; fileRef = 2AA49DBC2CA12EA400DDE10B /* CameraPreview.swift */; };
		2AA49DC02CA137F700DDE10B /* RegisteredObject.swift in Sources */ = {isa = PBXBuildFile; fileRef = 2AA49DBF2CA137F700DDE10B /* RegisteredObject.swift */; };
		2AA49DC22CA1381900DDE10B /* RegisteredObjectsViewModel.swift in Sources */ = {isa = PBXBuildFile; fileRef = 2AA49DC12CA1381900DDE10B /* RegisteredObjectsViewModel.swift */; };
		2AA49DC42CA1383800DDE10B /* ImagePicker.swift in Sources */ = {isa = PBXBuildFile; fileRef = 2AA49DC32CA1383800DDE10B /* ImagePicker.swift */; };
		2AA49DC62CA1385700DDE10B /* RegisterObjectView.swift in Sources */ = {isa = PBXBuildFile; fileRef = 2AA49DC52CA1385700DDE10B /* RegisterObjectView.swift */; };
		2AA49DC82CA1502400DDE10B /* ImageRecognitionService.swift in Sources */ = {isa = PBXBuildFile; fileRef = 2AA49DC72CA1502400DDE10B /* ImageRecognitionService.swift */; };
/* End PBXBuildFile section */

/* Begin PBXFileReference section */
		2AA49DA52CA12A1700DDE10B /* TestCoreML.app */ = {isa = PBXFileReference; explicitFileType = wrapper.application; includeInIndex = 0; path = TestCoreML.app; sourceTree = BUILT_PRODUCTS_DIR; };
		2AA49DA82CA12A1700DDE10B /* TestCoreMLApp.swift */ = {isa = PBXFileReference; lastKnownFileType = sourcecode.swift; path = TestCoreMLApp.swift; sourceTree = "<group>"; };
		2AA49DAA2CA12A1700DDE10B /* ContentView.swift */ = {isa = PBXFileReference; lastKnownFileType = sourcecode.swift; path = ContentView.swift; sourceTree = "<group>"; };
		2AA49DAC2CA12A1B00DDE10B /* Assets.xcassets */ = {isa = PBXFileReference; lastKnownFileType = folder.assetcatalog; path = Assets.xcassets; sourceTree = "<group>"; };
		2AA49DAF2CA12A1B00DDE10B /* Preview Assets.xcassets */ = {isa = PBXFileReference; lastKnownFileType = folder.assetcatalog; path = "Preview Assets.xcassets"; sourceTree = "<group>"; };
		2AA49DB62CA12D9F00DDE10B /* MobileNetV2.mlmodel */ = {isa = PBXFileReference; lastKnownFileType = file.mlmodel; path = MobileNetV2.mlmodel; sourceTree = "<group>"; };
		2AA49DB92CA12E2400DDE10B /* CameraService.swift */ = {isa = PBXFileReference; lastKnownFileType = sourcecode.swift; path = CameraService.swift; sourceTree = "<group>"; };
		2AA49DBC2CA12EA400DDE10B /* CameraPreview.swift */ = {isa = PBXFileReference; lastKnownFileType = sourcecode.swift; path = CameraPreview.swift; sourceTree = "<group>"; };
		2AA49DBF2CA137F700DDE10B /* RegisteredObject.swift */ = {isa = PBXFileReference; lastKnownFileType = sourcecode.swift; path = RegisteredObject.swift; sourceTree = "<group>"; };
		2AA49DC12CA1381900DDE10B /* RegisteredObjectsViewModel.swift */ = {isa = PBXFileReference; lastKnownFileType = sourcecode.swift; path = RegisteredObjectsViewModel.swift; sourceTree = "<group>"; };
		2AA49DC32CA1383800DDE10B /* ImagePicker.swift */ = {isa = PBXFileReference; lastKnownFileType = sourcecode.swift; path = ImagePicker.swift; sourceTree = "<group>"; };
		2AA49DC52CA1385700DDE10B /* RegisterObjectView.swift */ = {isa = PBXFileReference; lastKnownFileType = sourcecode.swift; path = RegisterObjectView.swift; sourceTree = "<group>"; };
		2AA49DC72CA1502400DDE10B /* ImageRecognitionService.swift */ = {isa = PBXFileReference; lastKnownFileType = sourcecode.swift; path = ImageRecognitionService.swift; sourceTree = "<group>"; };
/* End PBXFileReference section */

/* Begin PBXFrameworksBuildPhase section */
		2AA49DA22CA12A1600DDE10B /* Frameworks */ = {
			isa = PBXFrameworksBuildPhase;
			buildActionMask = 2147483647;
			files = (
			);
			runOnlyForDeploymentPostprocessing = 0;
		};
/* End PBXFrameworksBuildPhase section */

/* Begin PBXGroup section */
		2AA49D9C2CA12A1600DDE10B = {
			isa = PBXGroup;
			children = (
				2AA49DA72CA12A1700DDE10B /* TestCoreML */,
				2AA49DA62CA12A1700DDE10B /* Products */,
			);
			sourceTree = "<group>";
		};
		2AA49DA62CA12A1700DDE10B /* Products */ = {
			isa = PBXGroup;
			children = (
				2AA49DA52CA12A1700DDE10B /* TestCoreML.app */,
			);
			name = Products;
			sourceTree = "<group>";
		};
		2AA49DA72CA12A1700DDE10B /* TestCoreML */ = {
			isa = PBXGroup;
			children = (
				2AA49DBE2CA137E100DDE10B /* Models */,
				2AA49DBB2CA12E8F00DDE10B /* Views */,
				2AA49DB82CA12E0E00DDE10B /* Utils */,
				2AA49DA82CA12A1700DDE10B /* TestCoreMLApp.swift */,
				2AA49DAA2CA12A1700DDE10B /* ContentView.swift */,
				2AA49DAC2CA12A1B00DDE10B /* Assets.xcassets */,
				2AA49DAE2CA12A1B00DDE10B /* Preview Content */,
				2AA49DB62CA12D9F00DDE10B /* MobileNetV2.mlmodel */,
			);
			path = TestCoreML;
			sourceTree = "<group>";
		};
		2AA49DAE2CA12A1B00DDE10B /* Preview Content */ = {
			isa = PBXGroup;
			children = (
				2AA49DAF2CA12A1B00DDE10B /* Preview Assets.xcassets */,
			);
			path = "Preview Content";
			sourceTree = "<group>";
		};
		2AA49DB82CA12E0E00DDE10B /* Utils */ = {
			isa = PBXGroup;
			children = (
				2AA49DB92CA12E2400DDE10B /* CameraService.swift */,
				2AA49DC32CA1383800DDE10B /* ImagePicker.swift */,
				2AA49DC72CA1502400DDE10B /* ImageRecognitionService.swift */,
			);
			path = Utils;
			sourceTree = "<group>";
		};
		2AA49DBB2CA12E8F00DDE10B /* Views */ = {
			isa = PBXGroup;
			children = (
				2AA49DBC2CA12EA400DDE10B /* CameraPreview.swift */,
				2AA49DC52CA1385700DDE10B /* RegisterObjectView.swift */,
			);
			path = Views;
			sourceTree = "<group>";
		};
		2AA49DBE2CA137E100DDE10B /* Models */ = {
			isa = PBXGroup;
			children = (
				2AA49DBF2CA137F700DDE10B /* RegisteredObject.swift */,
				2AA49DC12CA1381900DDE10B /* RegisteredObjectsViewModel.swift */,
			);
			path = Models;
			sourceTree = "<group>";
		};
/* End PBXGroup section */

/* Begin PBXNativeTarget section */
		2AA49DA42CA12A1600DDE10B /* TestCoreML */ = {
			isa = PBXNativeTarget;
			buildConfigurationList = 2AA49DB32CA12A1B00DDE10B /* Build configuration list for PBXNativeTarget "TestCoreML" */;
			buildPhases = (
				2AA49DA12CA12A1600DDE10B /* Sources */,
				2AA49DA22CA12A1600DDE10B /* Frameworks */,
				2AA49DA32CA12A1600DDE10B /* Resources */,
			);
			buildRules = (
			);
			dependencies = (
			);
			name = TestCoreML;
			productName = TestCoreML;
			productReference = 2AA49DA52CA12A1700DDE10B /* TestCoreML.app */;
			productType = "com.apple.product-type.application";
		};
/* End PBXNativeTarget section */

/* Begin PBXProject section */
		2AA49D9D2CA12A1600DDE10B /* Project object */ = {
			isa = PBXProject;
			attributes = {
				BuildIndependentTargetsInParallel = 1;
				LastSwiftUpdateCheck = 1520;
				LastUpgradeCheck = 1520;
				TargetAttributes = {
					2AA49DA42CA12A1600DDE10B = {
						CreatedOnToolsVersion = 15.2;
					};
				};
			};
			buildConfigurationList = 2AA49DA02CA12A1600DDE10B /* Build configuration list for PBXProject "TestCoreML" */;
			compatibilityVersion = "Xcode 14.0";
			developmentRegion = en;
			hasScannedForEncodings = 0;
			knownRegions = (
				en,
				Base,
			);
			mainGroup = 2AA49D9C2CA12A1600DDE10B;
			productRefGroup = 2AA49DA62CA12A1700DDE10B /* Products */;
			projectDirPath = "";
			projectRoot = "";
			targets = (
				2AA49DA42CA12A1600DDE10B /* TestCoreML */,
			);
		};
/* End PBXProject section */

/* Begin PBXResourcesBuildPhase section */
		2AA49DA32CA12A1600DDE10B /* Resources */ = {
			isa = PBXResourcesBuildPhase;
			buildActionMask = 2147483647;
			files = (
				2AA49DB02CA12A1B00DDE10B /* Preview Assets.xcassets in Resources */,
				2AA49DAD2CA12A1B00DDE10B /* Assets.xcassets in Resources */,
			);
			runOnlyForDeploymentPostprocessing = 0;
		};
/* End PBXResourcesBuildPhase section */

/* Begin PBXSourcesBuildPhase section */
		2AA49DA12CA12A1600DDE10B /* Sources */ = {
			isa = PBXSourcesBuildPhase;
			buildActionMask = 2147483647;
			files = (
				2AA49DC22CA1381900DDE10B /* RegisteredObjectsViewModel.swift in Sources */,
				2AA49DBD2CA12EA400DDE10B /* CameraPreview.swift in Sources */,
				2AA49DC62CA1385700DDE10B /* RegisterObjectView.swift in Sources */,
				2AA49DBA2CA12E2400DDE10B /* CameraService.swift in Sources */,
				2AA49DB72CA12D9F00DDE10B /* MobileNetV2.mlmodel in Sources */,
				2AA49DAB2CA12A1700DDE10B /* ContentView.swift in Sources */,
				2AA49DC42CA1383800DDE10B /* ImagePicker.swift in Sources */,
				2AA49DC82CA1502400DDE10B /* ImageRecognitionService.swift in Sources */,
				2AA49DC02CA137F700DDE10B /* RegisteredObject.swift in Sources */,
				2AA49DA92CA12A1700DDE10B /* TestCoreMLApp.swift in Sources */,
			);
			runOnlyForDeploymentPostprocessing = 0;
		};
/* End PBXSourcesBuildPhase section */

/* Begin XCBuildConfiguration section */
		2AA49DB12CA12A1B00DDE10B /* Debug */ = {
			isa = XCBuildConfiguration;
			buildSettings = {
				ALWAYS_SEARCH_USER_PATHS = NO;
				ASSETCATALOG_COMPILER_GENERATE_SWIFT_ASSET_SYMBOL_EXTENSIONS = YES;
				CLANG_ANALYZER_NONNULL = YES;
				CLANG_ANALYZER_NUMBER_OBJECT_CONVERSION = YES_AGGRESSIVE;
				CLANG_CXX_LANGUAGE_STANDARD = "gnu++20";
				CLANG_ENABLE_MODULES = YES;
				CLANG_ENABLE_OBJC_ARC = YES;
				CLANG_ENABLE_OBJC_WEAK = YES;
				CLANG_WARN_BLOCK_CAPTURE_AUTORELEASING = YES;
				CLANG_WARN_BOOL_CONVERSION = YES;
				CLANG_WARN_COMMA = YES;
				CLANG_WARN_CONSTANT_CONVERSION = YES;
				CLANG_WARN_DEPRECATED_OBJC_IMPLEMENTATIONS = YES;
				CLANG_WARN_DIRECT_OBJC_ISA_USAGE = YES_ERROR;
				CLANG_WARN_DOCUMENTATION_COMMENTS = YES;
				CLANG_WARN_EMPTY_BODY = YES;
				CLANG_WARN_ENUM_CONVERSION = YES;
				CLANG_WARN_INFINITE_RECURSION = YES;
				CLANG_WARN_INT_CONVERSION = YES;
				CLANG_WARN_NON_LITERAL_NULL_CONVERSION = YES;
				CLANG_WARN_OBJC_IMPLICIT_RETAIN_SELF = YES;
				CLANG_WARN_OBJC_LITERAL_CONVERSION = YES;
				CLANG_WARN_OBJC_ROOT_CLASS = YES_ERROR;
				CLANG_WARN_QUOTED_INCLUDE_IN_FRAMEWORK_HEADER = YES;
				CLANG_WARN_RANGE_LOOP_ANALYSIS = YES;
				CLANG_WARN_STRICT_PROTOTYPES = YES;
				CLANG_WARN_SUSPICIOUS_MOVE = YES;
				CLANG_WARN_UNGUARDED_AVAILABILITY = YES_AGGRESSIVE;
				CLANG_WARN_UNREACHABLE_CODE = YES;
				CLANG_WARN__DUPLICATE_METHOD_MATCH = YES;
				COPY_PHASE_STRIP = NO;
				DEBUG_INFORMATION_FORMAT = dwarf;
				ENABLE_STRICT_OBJC_MSGSEND = YES;
				ENABLE_TESTABILITY = YES;
				ENABLE_USER_SCRIPT_SANDBOXING = YES;
				GCC_C_LANGUAGE_STANDARD = gnu17;
				GCC_DYNAMIC_NO_PIC = NO;
				GCC_NO_COMMON_BLOCKS = YES;
				GCC_OPTIMIZATION_LEVEL = 0;
				GCC_PREPROCESSOR_DEFINITIONS = (
					"DEBUG=1",
					"$(inherited)",
				);
				GCC_WARN_64_TO_32_BIT_CONVERSION = YES;
				GCC_WARN_ABOUT_RETURN_TYPE = YES_ERROR;
				GCC_WARN_UNDECLARED_SELECTOR = YES;
				GCC_WARN_UNINITIALIZED_AUTOS = YES_AGGRESSIVE;
				GCC_WARN_UNUSED_FUNCTION = YES;
				GCC_WARN_UNUSED_VARIABLE = YES;
				IPHONEOS_DEPLOYMENT_TARGET = 17.2;
				LOCALIZATION_PREFERS_STRING_CATALOGS = YES;
				MTL_ENABLE_DEBUG_INFO = INCLUDE_SOURCE;
				MTL_FAST_MATH = YES;
				ONLY_ACTIVE_ARCH = YES;
				SDKROOT = iphoneos;
				SWIFT_ACTIVE_COMPILATION_CONDITIONS = "DEBUG $(inherited)";
				SWIFT_OPTIMIZATION_LEVEL = "-Onone";
			};
			name = Debug;
		};
		2AA49DB22CA12A1B00DDE10B /* Release */ = {
			isa = XCBuildConfiguration;
			buildSettings = {
				ALWAYS_SEARCH_USER_PATHS = NO;
				ASSETCATALOG_COMPILER_GENERATE_SWIFT_ASSET_SYMBOL_EXTENSIONS = YES;
				CLANG_ANALYZER_NONNULL = YES;
				CLANG_ANALYZER_NUMBER_OBJECT_CONVERSION = YES_AGGRESSIVE;
				CLANG_CXX_LANGUAGE_STANDARD = "gnu++20";
				CLANG_ENABLE_MODULES = YES;
				CLANG_ENABLE_OBJC_ARC = YES;
				CLANG_ENABLE_OBJC_WEAK = YES;
				CLANG_WARN_BLOCK_CAPTURE_AUTORELEASING = YES;
				CLANG_WARN_BOOL_CONVERSION = YES;
				CLANG_WARN_COMMA = YES;
				CLANG_WARN_CONSTANT_CONVERSION = YES;
				CLANG_WARN_DEPRECATED_OBJC_IMPLEMENTATIONS = YES;
				CLANG_WARN_DIRECT_OBJC_ISA_USAGE = YES_ERROR;
				CLANG_WARN_DOCUMENTATION_COMMENTS = YES;
				CLANG_WARN_EMPTY_BODY = YES;
				CLANG_WARN_ENUM_CONVERSION = YES;
				CLANG_WARN_INFINITE_RECURSION = YES;
				CLANG_WARN_INT_CONVERSION = YES;
				CLANG_WARN_NON_LITERAL_NULL_CONVERSION = YES;
				CLANG_WARN_OBJC_IMPLICIT_RETAIN_SELF = YES;
				CLANG_WARN_OBJC_LITERAL_CONVERSION = YES;
				CLANG_WARN_OBJC_ROOT_CLASS = YES_ERROR;
				CLANG_WARN_QUOTED_INCLUDE_IN_FRAMEWORK_HEADER = YES;
				CLANG_WARN_RANGE_LOOP_ANALYSIS = YES;
				CLANG_WARN_STRICT_PROTOTYPES = YES;
				CLANG_WARN_SUSPICIOUS_MOVE = YES;
				CLANG_WARN_UNGUARDED_AVAILABILITY = YES_AGGRESSIVE;
				CLANG_WARN_UNREACHABLE_CODE = YES;
				CLANG_WARN__DUPLICATE_METHOD_MATCH = YES;
				COPY_PHASE_STRIP = NO;
				DEBUG_INFORMATION_FORMAT = "dwarf-with-dsym";
				ENABLE_NS_ASSERTIONS = NO;
				ENABLE_STRICT_OBJC_MSGSEND = YES;
				ENABLE_USER_SCRIPT_SANDBOXING = YES;
				GCC_C_LANGUAGE_STANDARD = gnu17;
				GCC_NO_COMMON_BLOCKS = YES;
				GCC_WARN_64_TO_32_BIT_CONVERSION = YES;
				GCC_WARN_ABOUT_RETURN_TYPE = YES_ERROR;
				GCC_WARN_UNDECLARED_SELECTOR = YES;
				GCC_WARN_UNINITIALIZED_AUTOS = YES_AGGRESSIVE;
				GCC_WARN_UNUSED_FUNCTION = YES;
				GCC_WARN_UNUSED_VARIABLE = YES;
				IPHONEOS_DEPLOYMENT_TARGET = 17.2;
				LOCALIZATION_PREFERS_STRING_CATALOGS = YES;
				MTL_ENABLE_DEBUG_INFO = NO;
				MTL_FAST_MATH = YES;
				SDKROOT = iphoneos;
				SWIFT_COMPILATION_MODE = wholemodule;
				VALIDATE_PRODUCT = YES;
			};
			name = Release;
		};
		2AA49DB42CA12A1B00DDE10B /* Debug */ = {
			isa = XCBuildConfiguration;
			buildSettings = {
				ASSETCATALOG_COMPILER_APPICON_NAME = AppIcon;
				ASSETCATALOG_COMPILER_GLOBAL_ACCENT_COLOR_NAME = AccentColor;
				CODE_SIGN_STYLE = Automatic;
				CURRENT_PROJECT_VERSION = 1;
				DEVELOPMENT_ASSET_PATHS = "\"TestCoreML/Preview Content\"";
				DEVELOPMENT_TEAM = 8TSPNNCJND;
				ENABLE_PREVIEWS = YES;
				GENERATE_INFOPLIST_FILE = YES;
				INFOPLIST_KEY_LSApplicationCategoryType = "";
				INFOPLIST_KEY_NSCameraUsageDescription = "このアプリはリアルタイムで画像認識を行うためにカメラを使用します。";
				INFOPLIST_KEY_NSPhotoLibraryUsageDescription = "このアプリは画像を選択するために写真ライブラリを使用します。";
				INFOPLIST_KEY_UIApplicationSceneManifest_Generation = YES;
				INFOPLIST_KEY_UIApplicationSupportsIndirectInputEvents = YES;
				INFOPLIST_KEY_UILaunchScreen_Generation = YES;
				INFOPLIST_KEY_UISupportedInterfaceOrientations_iPad = "UIInterfaceOrientationPortrait UIInterfaceOrientationPortraitUpsideDown UIInterfaceOrientationLandscapeLeft UIInterfaceOrientationLandscapeRight";
				INFOPLIST_KEY_UISupportedInterfaceOrientations_iPhone = "UIInterfaceOrientationPortrait UIInterfaceOrientationLandscapeLeft UIInterfaceOrientationLandscapeRight";
				LD_RUNPATH_SEARCH_PATHS = (
					"$(inherited)",
					"@executable_path/Frameworks",
				);
				MARKETING_VERSION = 1.0;
				PRODUCT_BUNDLE_IDENTIFIER = app.Fujiwara.ehuji.TestCoreML;
				PRODUCT_NAME = "$(TARGET_NAME)";
				SWIFT_EMIT_LOC_STRINGS = YES;
				SWIFT_VERSION = 5.0;
				TARGETED_DEVICE_FAMILY = "1,2";
			};
			name = Debug;
		};
		2AA49DB52CA12A1B00DDE10B /* Release */ = {
			isa = XCBuildConfiguration;
			buildSettings = {
				ASSETCATALOG_COMPILER_APPICON_NAME = AppIcon;
				ASSETCATALOG_COMPILER_GLOBAL_ACCENT_COLOR_NAME = AccentColor;
				CODE_SIGN_STYLE = Automatic;
				CURRENT_PROJECT_VERSION = 1;
				DEVELOPMENT_ASSET_PATHS = "\"TestCoreML/Preview Content\"";
				DEVELOPMENT_TEAM = 8TSPNNCJND;
				ENABLE_PREVIEWS = YES;
				GENERATE_INFOPLIST_FILE = YES;
				INFOPLIST_KEY_LSApplicationCategoryType = "";
				INFOPLIST_KEY_NSCameraUsageDescription = "このアプリはリアルタイムで画像認識を行うためにカメラを使用します。";
				INFOPLIST_KEY_NSPhotoLibraryUsageDescription = "このアプリは画像を選択するために写真ライブラリを使用します。";
				INFOPLIST_KEY_UIApplicationSceneManifest_Generation = YES;
				INFOPLIST_KEY_UIApplicationSupportsIndirectInputEvents = YES;
				INFOPLIST_KEY_UILaunchScreen_Generation = YES;
				INFOPLIST_KEY_UISupportedInterfaceOrientations_iPad = "UIInterfaceOrientationPortrait UIInterfaceOrientationPortraitUpsideDown UIInterfaceOrientationLandscapeLeft UIInterfaceOrientationLandscapeRight";
				INFOPLIST_KEY_UISupportedInterfaceOrientations_iPhone = "UIInterfaceOrientationPortrait UIInterfaceOrientationLandscapeLeft UIInterfaceOrientationLandscapeRight";
				LD_RUNPATH_SEARCH_PATHS = (
					"$(inherited)",
					"@executable_path/Frameworks",
				);
				MARKETING_VERSION = 1.0;
				PRODUCT_BUNDLE_IDENTIFIER = app.Fujiwara.ehuji.TestCoreML;
				PRODUCT_NAME = "$(TARGET_NAME)";
				SWIFT_EMIT_LOC_STRINGS = YES;
				SWIFT_VERSION = 5.0;
				TARGETED_DEVICE_FAMILY = "1,2";
			};
			name = Release;
		};
/* End XCBuildConfiguration section */

/* Begin XCConfigurationList section */
		2AA49DA02CA12A1600DDE10B /* Build configuration list for PBXProject "TestCoreML" */ = {
			isa = XCConfigurationList;
			buildConfigurations = (
				2AA49DB12CA12A1B00DDE10B /* Debug */,
				2AA49DB22CA12A1B00DDE10B /* Release */,
			);
			defaultConfigurationIsVisible = 0;
			defaultConfigurationName = Release;
		};
		2AA49DB32CA12A1B00DDE10B /* Build configuration list for PBXNativeTarget "TestCoreML" */ = {
			isa = XCConfigurationList;
			buildConfigurations = (
				2AA49DB42CA12A1B00DDE10B /* Debug */,
				2AA49DB52CA12A1B00DDE10B /* Release */,
			);
			defaultConfigurationIsVisible = 0;
			defaultConfigurationName = Release;
		};
/* End XCConfigurationList section */
	};
	rootObject = 2AA49D9D2CA12A1600DDE10B /* Project object */;
}
